
Microsoft Visual Studio Solution File, Format Version 12.00
# Visual Studio 15
VisualStudioVersion = 15.0.26228.9
MinimumVisualStudioVersion = 10.0.40219.1
Project("{2150E333-8FDC-42A3-9474-1A3956D46DE8}") = "Solution Items", "Solution Items", "{96239FE9-353E-494A-8A9A-DD31CC652952}"
EndProject
Project("{FAE04EC0-301F-11D3-BF4B-00C04F79EFBC}") = "_UnitTestsOpenTK", "UnitTestsOpenTK\_UnitTestsOpenTK.csproj", "{6AF79162-C28E-4251-9DBB-5A37E58F33B4}"
EndProject
Project("{FAE04EC0-301F-11D3-BF4B-00C04F79EFBC}") = "_UnitTestsRunAll", "UnitTestsRunAll\_UnitTestsRunAll.csproj", "{7A011760-0445-46F0-8409-D4F21672470A}"
EndProject
Project("{FAE04EC0-301F-11D3-BF4B-00C04F79EFBC}") = "PointCloudUtils", "PointCloudUtils\PointCloudUtils.csproj", "{0B0BDFF9-28BA-4AE1-B01D-8E3727E8A49A}"
EndProject
Project("{FAE04EC0-301F-11D3-BF4B-00C04F79EFBC}") = "_PointCloudScannerWinForms", "PointCloudScannerWinForms\_PointCloudScannerWinForms.csproj", "{7C566216-141C-4AE6-BE9F-1482B25D40BB}"
EndProject
Project("{FAE04EC0-301F-11D3-BF4B-00C04F79EFBC}") = "PointCloudScannerWPF", "PointCloudScannerWPF\PointCloudScannerWPF.csproj", "{8E562BEB-7EEB-4BF3-B846-BDBFDBA41629}"
EndProject
Project("{FAE04EC0-301F-11D3-BF4B-00C04F79EFBC}") = "CharacterCreator", "CharacterCreator\CharacterCreator.csproj", "{7B3AE269-1FD3-492F-BD23-D47D46F30EE8}"
EndProject
Project("{FAE04EC0-301F-11D3-BF4B-00C04F79EFBC}") = "OpenTK.Extension", "OpenTK.Extension\OpenTK.Extension.csproj", "{DF1F2330-134C-4EC6-A97C-3011D3072F0A}"
EndProject
Project("{FAE04EC0-301F-11D3-BF4B-00C04F79EFBC}") = "OpenTKTest", "OpenTK.Test\OpenTKTest.csproj", "{546A9835-C8BC-4C43-A01C-C6603AF6674E}"
EndProject
Global
	GlobalSection(SolutionConfigurationPlatforms) = preSolution
		Debug|Any CPU = Debug|Any CPU
		Debug|Mixed Platforms = Debug|Mixed Platforms
		Debug|x64 = Debug|x64
		Documentation|Any CPU = Documentation|Any CPU
		Documentation|Mixed Platforms = Documentation|Mixed Platforms
		Documentation|x64 = Documentation|x64
		Nsis|Any CPU = Nsis|Any CPU
		Nsis|Mixed Platforms = Nsis|Mixed Platforms
		Nsis|x64 = Nsis|x64
		Release|Any CPU = Release|Any CPU
		Release|Mixed Platforms = Release|Mixed Platforms
		Release|x64 = Release|x64
		Release-Signed|Any CPU = Release-Signed|Any CPU
		Release-Signed|Mixed Platforms = Release-Signed|Mixed Platforms
		Release-Signed|x64 = Release-Signed|x64
	EndGlobalSection
	GlobalSection(ProjectConfigurationPlatforms) = postSolution
		{6AF79162-C28E-4251-9DBB-5A37E58F33B4}.Debug|Any CPU.ActiveCfg = Debug|Any CPU
		{6AF79162-C28E-4251-9DBB-5A37E58F33B4}.Debug|Any CPU.Build.0 = Debug|Any CPU
		{6AF79162-C28E-4251-9DBB-5A37E58F33B4}.Debug|Mixed Platforms.ActiveCfg = Debug|Any CPU
		{6AF79162-C28E-4251-9DBB-5A37E58F33B4}.Debug|Mixed Platforms.Build.0 = Debug|Any CPU
		{6AF79162-C28E-4251-9DBB-5A37E58F33B4}.Debug|x64.ActiveCfg = Debug|Any CPU
		{6AF79162-C28E-4251-9DBB-5A37E58F33B4}.Debug|x64.Build.0 = Debug|Any CPU
		{6AF79162-C28E-4251-9DBB-5A37E58F33B4}.Documentation|Any CPU.ActiveCfg = Debug|Any CPU
		{6AF79162-C28E-4251-9DBB-5A37E58F33B4}.Documentation|Any CPU.Build.0 = Debug|Any CPU
		{6AF79162-C28E-4251-9DBB-5A37E58F33B4}.Documentation|Mixed Platforms.ActiveCfg = Debug|Any CPU
		{6AF79162-C28E-4251-9DBB-5A37E58F33B4}.Documentation|Mixed Platforms.Build.0 = Debug|Any CPU
		{6AF79162-C28E-4251-9DBB-5A37E58F33B4}.Documentation|x64.ActiveCfg = Debug|Any CPU
		{6AF79162-C28E-4251-9DBB-5A37E58F33B4}.Nsis|Any CPU.ActiveCfg = Release|Any CPU
		{6AF79162-C28E-4251-9DBB-5A37E58F33B4}.Nsis|Any CPU.Build.0 = Release|Any CPU
		{6AF79162-C28E-4251-9DBB-5A37E58F33B4}.Nsis|Mixed Platforms.ActiveCfg = Release|Any CPU
		{6AF79162-C28E-4251-9DBB-5A37E58F33B4}.Nsis|Mixed Platforms.Build.0 = Release|Any CPU
		{6AF79162-C28E-4251-9DBB-5A37E58F33B4}.Nsis|x64.ActiveCfg = Release|Any CPU
		{6AF79162-C28E-4251-9DBB-5A37E58F33B4}.Release|Any CPU.ActiveCfg = Release|Any CPU
		{6AF79162-C28E-4251-9DBB-5A37E58F33B4}.Release|Any CPU.Build.0 = Release|Any CPU
		{6AF79162-C28E-4251-9DBB-5A37E58F33B4}.Release|Mixed Platforms.ActiveCfg = Release|Any CPU
		{6AF79162-C28E-4251-9DBB-5A37E58F33B4}.Release|Mixed Platforms.Build.0 = Release|Any CPU
		{6AF79162-C28E-4251-9DBB-5A37E58F33B4}.Release|x64.ActiveCfg = Release|Any CPU
		{6AF79162-C28E-4251-9DBB-5A37E58F33B4}.Release-Signed|Any CPU.ActiveCfg = Release|Any CPU
		{6AF79162-C28E-4251-9DBB-5A37E58F33B4}.Release-Signed|Any CPU.Build.0 = Release|Any CPU
		{6AF79162-C28E-4251-9DBB-5A37E58F33B4}.Release-Signed|Mixed Platforms.ActiveCfg = Release|Any CPU
		{6AF79162-C28E-4251-9DBB-5A37E58F33B4}.Release-Signed|Mixed Platforms.Build.0 = Release|Any CPU
		{6AF79162-C28E-4251-9DBB-5A37E58F33B4}.Release-Signed|x64.ActiveCfg = Release|Any CPU
		{7A011760-0445-46F0-8409-D4F21672470A}.Debug|Any CPU.ActiveCfg = Debug|Any CPU
		{7A011760-0445-46F0-8409-D4F21672470A}.Debug|Any CPU.Build.0 = Debug|Any CPU
		{7A011760-0445-46F0-8409-D4F21672470A}.Debug|Mixed Platforms.ActiveCfg = Debug|Any CPU
		{7A011760-0445-46F0-8409-D4F21672470A}.Debug|Mixed Platforms.Build.0 = Debug|Any CPU
		{7A011760-0445-46F0-8409-D4F21672470A}.Debug|x64.ActiveCfg = Debug|Any CPU
		{7A011760-0445-46F0-8409-D4F21672470A}.Debug|x64.Build.0 = Debug|Any CPU
		{7A011760-0445-46F0-8409-D4F21672470A}.Documentation|Any CPU.ActiveCfg = Debug|Any CPU
		{7A011760-0445-46F0-8409-D4F21672470A}.Documentation|Any CPU.Build.0 = Debug|Any CPU
		{7A011760-0445-46F0-8409-D4F21672470A}.Documentation|Mixed Platforms.ActiveCfg = Debug|Any CPU
		{7A011760-0445-46F0-8409-D4F21672470A}.Documentation|Mixed Platforms.Build.0 = Debug|Any CPU
		{7A011760-0445-46F0-8409-D4F21672470A}.Documentation|x64.ActiveCfg = Debug|Any CPU
		{7A011760-0445-46F0-8409-D4F21672470A}.Nsis|Any CPU.ActiveCfg = Release|Any CPU
		{7A011760-0445-46F0-8409-D4F21672470A}.Nsis|Any CPU.Build.0 = Release|Any CPU
		{7A011760-0445-46F0-8409-D4F21672470A}.Nsis|Mixed Platforms.ActiveCfg = Release|Any CPU
		{7A011760-0445-46F0-8409-D4F21672470A}.Nsis|Mixed Platforms.Build.0 = Release|Any CPU
		{7A011760-0445-46F0-8409-D4F21672470A}.Nsis|x64.ActiveCfg = Release|Any CPU
		{7A011760-0445-46F0-8409-D4F21672470A}.Release|Any CPU.ActiveCfg = Release|Any CPU
		{7A011760-0445-46F0-8409-D4F21672470A}.Release|Any CPU.Build.0 = Release|Any CPU
		{7A011760-0445-46F0-8409-D4F21672470A}.Release|Mixed Platforms.ActiveCfg = Release|Any CPU
		{7A011760-0445-46F0-8409-D4F21672470A}.Release|Mixed Platforms.Build.0 = Release|Any CPU
		{7A011760-0445-46F0-8409-D4F21672470A}.Release|x64.ActiveCfg = Release|Any CPU
		{7A011760-0445-46F0-8409-D4F21672470A}.Release-Signed|Any CPU.ActiveCfg = Release|Any CPU
		{7A011760-0445-46F0-8409-D4F21672470A}.Release-Signed|Any CPU.Build.0 = Release|Any CPU
		{7A011760-0445-46F0-8409-D4F21672470A}.Release-Signed|Mixed Platforms.ActiveCfg = Release|Any CPU
		{7A011760-0445-46F0-8409-D4F21672470A}.Release-Signed|Mixed Platforms.Build.0 = Release|Any CPU
		{7A011760-0445-46F0-8409-D4F21672470A}.Release-Signed|x64.ActiveCfg = Release|Any CPU
		{0B0BDFF9-28BA-4AE1-B01D-8E3727E8A49A}.Debug|Any CPU.ActiveCfg = Debug|Any CPU
		{0B0BDFF9-28BA-4AE1-B01D-8E3727E8A49A}.Debug|Any CPU.Build.0 = Debug|Any CPU
		{0B0BDFF9-28BA-4AE1-B01D-8E3727E8A49A}.Debug|Mixed Platforms.ActiveCfg = Debug|Any CPU
		{0B0BDFF9-28BA-4AE1-B01D-8E3727E8A49A}.Debug|Mixed Platforms.Build.0 = Debug|Any CPU
		{0B0BDFF9-28BA-4AE1-B01D-8E3727E8A49A}.Debug|x64.ActiveCfg = Debug|Any CPU
		{0B0BDFF9-28BA-4AE1-B01D-8E3727E8A49A}.Debug|x64.Build.0 = Debug|Any CPU
		{0B0BDFF9-28BA-4AE1-B01D-8E3727E8A49A}.Documentation|Any CPU.ActiveCfg = Debug|Any CPU
		{0B0BDFF9-28BA-4AE1-B01D-8E3727E8A49A}.Documentation|Any CPU.Build.0 = Debug|Any CPU
		{0B0BDFF9-28BA-4AE1-B01D-8E3727E8A49A}.Documentation|Mixed Platforms.ActiveCfg = Debug|Any CPU
		{0B0BDFF9-28BA-4AE1-B01D-8E3727E8A49A}.Documentation|Mixed Platforms.Build.0 = Debug|Any CPU
		{0B0BDFF9-28BA-4AE1-B01D-8E3727E8A49A}.Documentation|x64.ActiveCfg = Debug|Any CPU
		{0B0BDFF9-28BA-4AE1-B01D-8E3727E8A49A}.Documentation|x64.Build.0 = Debug|Any CPU
		{0B0BDFF9-28BA-4AE1-B01D-8E3727E8A49A}.Nsis|Any CPU.ActiveCfg = Release|Any CPU
		{0B0BDFF9-28BA-4AE1-B01D-8E3727E8A49A}.Nsis|Any CPU.Build.0 = Release|Any CPU
		{0B0BDFF9-28BA-4AE1-B01D-8E3727E8A49A}.Nsis|Mixed Platforms.ActiveCfg = Release|Any CPU
		{0B0BDFF9-28BA-4AE1-B01D-8E3727E8A49A}.Nsis|Mixed Platforms.Build.0 = Release|Any CPU
		{0B0BDFF9-28BA-4AE1-B01D-8E3727E8A49A}.Nsis|x64.ActiveCfg = Release|Any CPU
		{0B0BDFF9-28BA-4AE1-B01D-8E3727E8A49A}.Nsis|x64.Build.0 = Release|Any CPU
		{0B0BDFF9-28BA-4AE1-B01D-8E3727E8A49A}.Release|Any CPU.ActiveCfg = Release|Any CPU
		{0B0BDFF9-28BA-4AE1-B01D-8E3727E8A49A}.Release|Any CPU.Build.0 = Release|Any CPU
		{0B0BDFF9-28BA-4AE1-B01D-8E3727E8A49A}.Release|Mixed Platforms.ActiveCfg = Release|Any CPU
		{0B0BDFF9-28BA-4AE1-B01D-8E3727E8A49A}.Release|Mixed Platforms.Build.0 = Release|Any CPU
		{0B0BDFF9-28BA-4AE1-B01D-8E3727E8A49A}.Release|x64.ActiveCfg = Release|Any CPU
		{0B0BDFF9-28BA-4AE1-B01D-8E3727E8A49A}.Release|x64.Build.0 = Release|Any CPU
		{0B0BDFF9-28BA-4AE1-B01D-8E3727E8A49A}.Release-Signed|Any CPU.ActiveCfg = Release|Any CPU
		{0B0BDFF9-28BA-4AE1-B01D-8E3727E8A49A}.Release-Signed|Any CPU.Build.0 = Release|Any CPU
		{0B0BDFF9-28BA-4AE1-B01D-8E3727E8A49A}.Release-Signed|Mixed Platforms.ActiveCfg = Release|Any CPU
		{0B0BDFF9-28BA-4AE1-B01D-8E3727E8A49A}.Release-Signed|Mixed Platforms.Build.0 = Release|Any CPU
		{0B0BDFF9-28BA-4AE1-B01D-8E3727E8A49A}.Release-Signed|x64.ActiveCfg = Release|Any CPU
		{0B0BDFF9-28BA-4AE1-B01D-8E3727E8A49A}.Release-Signed|x64.Build.0 = Release|Any CPU
		{7C566216-141C-4AE6-BE9F-1482B25D40BB}.Debug|Any CPU.ActiveCfg = Debug|Any CPU
		{7C566216-141C-4AE6-BE9F-1482B25D40BB}.Debug|Any CPU.Build.0 = Debug|Any CPU
		{7C566216-141C-4AE6-BE9F-1482B25D40BB}.Debug|Mixed Platforms.ActiveCfg = Debug|Any CPU
		{7C566216-141C-4AE6-BE9F-1482B25D40BB}.Debug|Mixed Platforms.Build.0 = Debug|Any CPU
		{7C566216-141C-4AE6-BE9F-1482B25D40BB}.Debug|x64.ActiveCfg = Debug|Any CPU
		{7C566216-141C-4AE6-BE9F-1482B25D40BB}.Debug|x64.Build.0 = Debug|Any CPU
		{7C566216-141C-4AE6-BE9F-1482B25D40BB}.Documentation|Any CPU.ActiveCfg = Debug|Any CPU
		{7C566216-141C-4AE6-BE9F-1482B25D40BB}.Documentation|Any CPU.Build.0 = Debug|Any CPU
		{7C566216-141C-4AE6-BE9F-1482B25D40BB}.Documentation|Mixed Platforms.ActiveCfg = Debug|Any CPU
		{7C566216-141C-4AE6-BE9F-1482B25D40BB}.Documentation|Mixed Platforms.Build.0 = Debug|Any CPU
		{7C566216-141C-4AE6-BE9F-1482B25D40BB}.Documentation|x64.ActiveCfg = Debug|Any CPU
		{7C566216-141C-4AE6-BE9F-1482B25D40BB}.Documentation|x64.Build.0 = Debug|Any CPU
		{7C566216-141C-4AE6-BE9F-1482B25D40BB}.Nsis|Any CPU.ActiveCfg = Release|Any CPU
		{7C566216-141C-4AE6-BE9F-1482B25D40BB}.Nsis|Any CPU.Build.0 = Release|Any CPU
		{7C566216-141C-4AE6-BE9F-1482B25D40BB}.Nsis|Mixed Platforms.ActiveCfg = Release|Any CPU
		{7C566216-141C-4AE6-BE9F-1482B25D40BB}.Nsis|Mixed Platforms.Build.0 = Release|Any CPU
		{7C566216-141C-4AE6-BE9F-1482B25D40BB}.Nsis|x64.ActiveCfg = Release|Any CPU
		{7C566216-141C-4AE6-BE9F-1482B25D40BB}.Nsis|x64.Build.0 = Release|Any CPU
		{7C566216-141C-4AE6-BE9F-1482B25D40BB}.Release|Any CPU.ActiveCfg = Release|Any CPU
		{7C566216-141C-4AE6-BE9F-1482B25D40BB}.Release|Any CPU.Build.0 = Release|Any CPU
		{7C566216-141C-4AE6-BE9F-1482B25D40BB}.Release|Mixed Platforms.ActiveCfg = Release|Any CPU
		{7C566216-141C-4AE6-BE9F-1482B25D40BB}.Release|Mixed Platforms.Build.0 = Release|Any CPU
		{7C566216-141C-4AE6-BE9F-1482B25D40BB}.Release|x64.ActiveCfg = Release|Any CPU
		{7C566216-141C-4AE6-BE9F-1482B25D40BB}.Release|x64.Build.0 = Release|Any CPU
		{7C566216-141C-4AE6-BE9F-1482B25D40BB}.Release-Signed|Any CPU.ActiveCfg = Release|Any CPU
		{7C566216-141C-4AE6-BE9F-1482B25D40BB}.Release-Signed|Any CPU.Build.0 = Release|Any CPU
		{7C566216-141C-4AE6-BE9F-1482B25D40BB}.Release-Signed|Mixed Platforms.ActiveCfg = Release|Any CPU
		{7C566216-141C-4AE6-BE9F-1482B25D40BB}.Release-Signed|Mixed Platforms.Build.0 = Release|Any CPU
		{7C566216-141C-4AE6-BE9F-1482B25D40BB}.Release-Signed|x64.ActiveCfg = Release|Any CPU
		{7C566216-141C-4AE6-BE9F-1482B25D40BB}.Release-Signed|x64.Build.0 = Release|Any CPU
		{8E562BEB-7EEB-4BF3-B846-BDBFDBA41629}.Debug|Any CPU.ActiveCfg = Debug|Any CPU
		{8E562BEB-7EEB-4BF3-B846-BDBFDBA41629}.Debug|Any CPU.Build.0 = Debug|Any CPU
		{8E562BEB-7EEB-4BF3-B846-BDBFDBA41629}.Debug|Mixed Platforms.ActiveCfg = Debug|Any CPU
		{8E562BEB-7EEB-4BF3-B846-BDBFDBA41629}.Debug|Mixed Platforms.Build.0 = Debug|Any CPU
		{8E562BEB-7EEB-4BF3-B846-BDBFDBA41629}.Debug|x64.ActiveCfg = Debug|Any CPU
		{8E562BEB-7EEB-4BF3-B846-BDBFDBA41629}.Debug|x64.Build.0 = Debug|Any CPU
		{8E562BEB-7EEB-4BF3-B846-BDBFDBA41629}.Documentation|Any CPU.ActiveCfg = Debug|Any CPU
		{8E562BEB-7EEB-4BF3-B846-BDBFDBA41629}.Documentation|Any CPU.Build.0 = Debug|Any CPU
		{8E562BEB-7EEB-4BF3-B846-BDBFDBA41629}.Documentation|Mixed Platforms.ActiveCfg = Debug|Any CPU
		{8E562BEB-7EEB-4BF3-B846-BDBFDBA41629}.Documentation|Mixed Platforms.Build.0 = Debug|Any CPU
		{8E562BEB-7EEB-4BF3-B846-BDBFDBA41629}.Documentation|x64.ActiveCfg = Debug|Any CPU
		{8E562BEB-7EEB-4BF3-B846-BDBFDBA41629}.Documentation|x64.Build.0 = Debug|Any CPU
		{8E562BEB-7EEB-4BF3-B846-BDBFDBA41629}.Nsis|Any CPU.ActiveCfg = Release|Any CPU
		{8E562BEB-7EEB-4BF3-B846-BDBFDBA41629}.Nsis|Any CPU.Build.0 = Release|Any CPU
		{8E562BEB-7EEB-4BF3-B846-BDBFDBA41629}.Nsis|Mixed Platforms.ActiveCfg = Release|Any CPU
		{8E562BEB-7EEB-4BF3-B846-BDBFDBA41629}.Nsis|Mixed Platforms.Build.0 = Release|Any CPU
		{8E562BEB-7EEB-4BF3-B846-BDBFDBA41629}.Nsis|x64.ActiveCfg = Release|Any CPU
		{8E562BEB-7EEB-4BF3-B846-BDBFDBA41629}.Nsis|x64.Build.0 = Release|Any CPU
		{8E562BEB-7EEB-4BF3-B846-BDBFDBA41629}.Release|Any CPU.ActiveCfg = Release|Any CPU
		{8E562BEB-7EEB-4BF3-B846-BDBFDBA41629}.Release|Any CPU.Build.0 = Release|Any CPU
		{8E562BEB-7EEB-4BF3-B846-BDBFDBA41629}.Release|Mixed Platforms.ActiveCfg = Release|Any CPU
		{8E562BEB-7EEB-4BF3-B846-BDBFDBA41629}.Release|Mixed Platforms.Build.0 = Release|Any CPU
		{8E562BEB-7EEB-4BF3-B846-BDBFDBA41629}.Release|x64.ActiveCfg = Release|Any CPU
		{8E562BEB-7EEB-4BF3-B846-BDBFDBA41629}.Release|x64.Build.0 = Release|Any CPU
		{8E562BEB-7EEB-4BF3-B846-BDBFDBA41629}.Release-Signed|Any CPU.ActiveCfg = Release|Any CPU
		{8E562BEB-7EEB-4BF3-B846-BDBFDBA41629}.Release-Signed|Any CPU.Build.0 = Release|Any CPU
		{8E562BEB-7EEB-4BF3-B846-BDBFDBA41629}.Release-Signed|Mixed Platforms.ActiveCfg = Release|Any CPU
		{8E562BEB-7EEB-4BF3-B846-BDBFDBA41629}.Release-Signed|Mixed Platforms.Build.0 = Release|Any CPU
		{8E562BEB-7EEB-4BF3-B846-BDBFDBA41629}.Release-Signed|x64.ActiveCfg = Release|Any CPU
		{8E562BEB-7EEB-4BF3-B846-BDBFDBA41629}.Release-Signed|x64.Build.0 = Release|Any CPU
		{7B3AE269-1FD3-492F-BD23-D47D46F30EE8}.Debug|Any CPU.ActiveCfg = Debug|Any CPU
		{7B3AE269-1FD3-492F-BD23-D47D46F30EE8}.Debug|Any CPU.Build.0 = Debug|Any CPU
		{7B3AE269-1FD3-492F-BD23-D47D46F30EE8}.Debug|Mixed Platforms.ActiveCfg = Debug|Any CPU
		{7B3AE269-1FD3-492F-BD23-D47D46F30EE8}.Debug|Mixed Platforms.Build.0 = Debug|Any CPU
		{7B3AE269-1FD3-492F-BD23-D47D46F30EE8}.Debug|x64.ActiveCfg = Debug|Any CPU
		{7B3AE269-1FD3-492F-BD23-D47D46F30EE8}.Debug|x64.Build.0 = Debug|Any CPU
		{7B3AE269-1FD3-492F-BD23-D47D46F30EE8}.Documentation|Any CPU.ActiveCfg = Debug|Any CPU
		{7B3AE269-1FD3-492F-BD23-D47D46F30EE8}.Documentation|Any CPU.Build.0 = Debug|Any CPU
		{7B3AE269-1FD3-492F-BD23-D47D46F30EE8}.Documentation|Mixed Platforms.ActiveCfg = Debug|Any CPU
		{7B3AE269-1FD3-492F-BD23-D47D46F30EE8}.Documentation|Mixed Platforms.Build.0 = Debug|Any CPU
		{7B3AE269-1FD3-492F-BD23-D47D46F30EE8}.Documentation|x64.ActiveCfg = Debug|Any CPU
		{7B3AE269-1FD3-492F-BD23-D47D46F30EE8}.Nsis|Any CPU.ActiveCfg = Release|Any CPU
		{7B3AE269-1FD3-492F-BD23-D47D46F30EE8}.Nsis|Any CPU.Build.0 = Release|Any CPU
		{7B3AE269-1FD3-492F-BD23-D47D46F30EE8}.Nsis|Mixed Platforms.ActiveCfg = Release|Any CPU
		{7B3AE269-1FD3-492F-BD23-D47D46F30EE8}.Nsis|Mixed Platforms.Build.0 = Release|Any CPU
		{7B3AE269-1FD3-492F-BD23-D47D46F30EE8}.Nsis|x64.ActiveCfg = Release|Any CPU
		{7B3AE269-1FD3-492F-BD23-D47D46F30EE8}.Release|Any CPU.ActiveCfg = Release|Any CPU
		{7B3AE269-1FD3-492F-BD23-D47D46F30EE8}.Release|Any CPU.Build.0 = Release|Any CPU
		{7B3AE269-1FD3-492F-BD23-D47D46F30EE8}.Release|Mixed Platforms.ActiveCfg = Release|Any CPU
		{7B3AE269-1FD3-492F-BD23-D47D46F30EE8}.Release|Mixed Platforms.Build.0 = Release|Any CPU
		{7B3AE269-1FD3-492F-BD23-D47D46F30EE8}.Release|x64.ActiveCfg = Release|Any CPU
		{7B3AE269-1FD3-492F-BD23-D47D46F30EE8}.Release-Signed|Any CPU.ActiveCfg = Release|Any CPU
		{7B3AE269-1FD3-492F-BD23-D47D46F30EE8}.Release-Signed|Any CPU.Build.0 = Release|Any CPU
		{7B3AE269-1FD3-492F-BD23-D47D46F30EE8}.Release-Signed|Mixed Platforms.ActiveCfg = Release|Any CPU
		{7B3AE269-1FD3-492F-BD23-D47D46F30EE8}.Release-Signed|Mixed Platforms.Build.0 = Release|Any CPU
		{7B3AE269-1FD3-492F-BD23-D47D46F30EE8}.Release-Signed|x64.ActiveCfg = Release|Any CPU
		{DF1F2330-134C-4EC6-A97C-3011D3072F0A}.Debug|Any CPU.ActiveCfg = Debug|Any CPU
		{DF1F2330-134C-4EC6-A97C-3011D3072F0A}.Debug|Any CPU.Build.0 = Debug|Any CPU
		{DF1F2330-134C-4EC6-A97C-3011D3072F0A}.Debug|Mixed Platforms.ActiveCfg = Debug|Any CPU
		{DF1F2330-134C-4EC6-A97C-3011D3072F0A}.Debug|Mixed Platforms.Build.0 = Debug|Any CPU
		{DF1F2330-134C-4EC6-A97C-3011D3072F0A}.Debug|x64.ActiveCfg = Debug|Any CPU
		{DF1F2330-134C-4EC6-A97C-3011D3072F0A}.Debug|x64.Build.0 = Debug|Any CPU
		{DF1F2330-134C-4EC6-A97C-3011D3072F0A}.Documentation|Any CPU.ActiveCfg = Debug|Any CPU
		{DF1F2330-134C-4EC6-A97C-3011D3072F0A}.Documentation|Any CPU.Build.0 = Debug|Any CPU
		{DF1F2330-134C-4EC6-A97C-3011D3072F0A}.Documentation|Mixed Platforms.ActiveCfg = Debug|Any CPU
		{DF1F2330-134C-4EC6-A97C-3011D3072F0A}.Documentation|Mixed Platforms.Build.0 = Debug|Any CPU
		{DF1F2330-134C-4EC6-A97C-3011D3072F0A}.Documentation|x64.ActiveCfg = Debug|Any CPU
		{DF1F2330-134C-4EC6-A97C-3011D3072F0A}.Documentation|x64.Build.0 = Debug|Any CPU
		{DF1F2330-134C-4EC6-A97C-3011D3072F0A}.Nsis|Any CPU.ActiveCfg = Release|Any CPU
		{DF1F2330-134C-4EC6-A97C-3011D3072F0A}.Nsis|Any CPU.Build.0 = Release|Any CPU
		{DF1F2330-134C-4EC6-A97C-3011D3072F0A}.Nsis|Mixed Platforms.ActiveCfg = Release|Any CPU
		{DF1F2330-134C-4EC6-A97C-3011D3072F0A}.Nsis|Mixed Platforms.Build.0 = Release|Any CPU
		{DF1F2330-134C-4EC6-A97C-3011D3072F0A}.Nsis|x64.ActiveCfg = Release|Any CPU
		{DF1F2330-134C-4EC6-A97C-3011D3072F0A}.Nsis|x64.Build.0 = Release|Any CPU
		{DF1F2330-134C-4EC6-A97C-3011D3072F0A}.Release|Any CPU.ActiveCfg = Release|Any CPU
		{DF1F2330-134C-4EC6-A97C-3011D3072F0A}.Release|Any CPU.Build.0 = Release|Any CPU
		{DF1F2330-134C-4EC6-A97C-3011D3072F0A}.Release|Mixed Platforms.ActiveCfg = Release|Any CPU
		{DF1F2330-134C-4EC6-A97C-3011D3072F0A}.Release|Mixed Platforms.Build.0 = Release|Any CPU
		{DF1F2330-134C-4EC6-A97C-3011D3072F0A}.Release|x64.ActiveCfg = Release|Any CPU
		{DF1F2330-134C-4EC6-A97C-3011D3072F0A}.Release|x64.Build.0 = Release|Any CPU
		{DF1F2330-134C-4EC6-A97C-3011D3072F0A}.Release-Signed|Any CPU.ActiveCfg = Release|Any CPU
		{DF1F2330-134C-4EC6-A97C-3011D3072F0A}.Release-Signed|Any CPU.Build.0 = Release|Any CPU
		{DF1F2330-134C-4EC6-A97C-3011D3072F0A}.Release-Signed|Mixed Platforms.ActiveCfg = Release|Any CPU
		{DF1F2330-134C-4EC6-A97C-3011D3072F0A}.Release-Signed|Mixed Platforms.Build.0 = Release|Any CPU
		{DF1F2330-134C-4EC6-A97C-3011D3072F0A}.Release-Signed|x64.ActiveCfg = Release|Any CPU
		{DF1F2330-134C-4EC6-A97C-3011D3072F0A}.Release-Signed|x64.Build.0 = Release|Any CPU
		{546A9835-C8BC-4C43-A01C-C6603AF6674E}.Debug|Any CPU.ActiveCfg = Debug|Any CPU
		{546A9835-C8BC-4C43-A01C-C6603AF6674E}.Debug|Any CPU.Build.0 = Debug|Any CPU
		{546A9835-C8BC-4C43-A01C-C6603AF6674E}.Debug|Mixed Platforms.ActiveCfg = Debug|Any CPU
		{546A9835-C8BC-4C43-A01C-C6603AF6674E}.Debug|Mixed Platforms.Build.0 = Debug|Any CPU
		{546A9835-C8BC-4C43-A01C-C6603AF6674E}.Debug|x64.ActiveCfg = Debug|Any CPU
		{546A9835-C8BC-4C43-A01C-C6603AF6674E}.Debug|x64.Build.0 = Debug|Any CPU
		{546A9835-C8BC-4C43-A01C-C6603AF6674E}.Documentation|Any CPU.ActiveCfg = Debug|Any CPU
		{546A9835-C8BC-4C43-A01C-C6603AF6674E}.Documentation|Any CPU.Build.0 = Debug|Any CPU
		{546A9835-C8BC-4C43-A01C-C6603AF6674E}.Documentation|Mixed Platforms.ActiveCfg = Debug|Any CPU
		{546A9835-C8BC-4C43-A01C-C6603AF6674E}.Documentation|Mixed Platforms.Build.0 = Debug|Any CPU
		{546A9835-C8BC-4C43-A01C-C6603AF6674E}.Documentation|x64.ActiveCfg = Debug|Any CPU
		{546A9835-C8BC-4C43-A01C-C6603AF6674E}.Documentation|x64.Build.0 = Debug|Any CPU
		{546A9835-C8BC-4C43-A01C-C6603AF6674E}.Nsis|Any CPU.ActiveCfg = Release|Any CPU
		{546A9835-C8BC-4C43-A01C-C6603AF6674E}.Nsis|Any CPU.Build.0 = Release|Any CPU
		{546A9835-C8BC-4C43-A01C-C6603AF6674E}.Nsis|Mixed Platforms.ActiveCfg = Release|Any CPU
		{546A9835-C8BC-4C43-A01C-C6603AF6674E}.Nsis|Mixed Platforms.Build.0 = Release|Any CPU
		{546A9835-C8BC-4C43-A01C-C6603AF6674E}.Nsis|x64.ActiveCfg = Release|Any CPU
		{546A9835-C8BC-4C43-A01C-C6603AF6674E}.Nsis|x64.Build.0 = Release|Any CPU
		{546A9835-C8BC-4C43-A01C-C6603AF6674E}.Release|Any CPU.ActiveCfg = Release|Any CPU
		{546A9835-C8BC-4C43-A01C-C6603AF6674E}.Release|Any CPU.Build.0 = Release|Any CPU
		{546A9835-C8BC-4C43-A01C-C6603AF6674E}.Release|Mixed Platforms.ActiveCfg = Release|Any CPU
		{546A9835-C8BC-4C43-A01C-C6603AF6674E}.Release|Mixed Platforms.Build.0 = Release|Any CPU
		{546A9835-C8BC-4C43-A01C-C6603AF6674E}.Release|x64.ActiveCfg = Release|Any CPU
		{546A9835-C8BC-4C43-A01C-C6603AF6674E}.Release|x64.Build.0 = Release|Any CPU
		{546A9835-C8BC-4C43-A01C-C6603AF6674E}.Release-Signed|Any CPU.ActiveCfg = Release|Any CPU
		{546A9835-C8BC-4C43-A01C-C6603AF6674E}.Release-Signed|Any CPU.Build.0 = Release|Any CPU
		{546A9835-C8BC-4C43-A01C-C6603AF6674E}.Release-Signed|Mixed Platforms.ActiveCfg = Release|Any CPU
		{546A9835-C8BC-4C43-A01C-C6603AF6674E}.Release-Signed|Mixed Platforms.Build.0 = Release|Any CPU
		{546A9835-C8BC-4C43-A01C-C6603AF6674E}.Release-Signed|x64.ActiveCfg = Release|Any CPU
		{546A9835-C8BC-4C43-A01C-C6603AF6674E}.Release-Signed|x64.Build.0 = Release|Any CPU
	EndGlobalSection
	GlobalSection(SolutionProperties) = preSolution
		HideSolutionNode = FALSE
	EndGlobalSection
EndGlobal
